
Microsoft Visual Studio Solution File, Format Version 12.00
# Visual Studio Version 17
VisualStudioVersion = 17.13.35919.96 d17.13
MinimumVisualStudioVersion = 10.0.40219.1
Project("{FAE04EC0-301F-11D3-BF4B-00C04F79EFBC}") = "DermaAPI", "DermaAPI.csproj", "{BE04DF31-8188-4DFB-8C29-90E9AFE690C5}"
EndProject
Global
	GlobalSection(SolutionConfigurationPlatforms) = preSolution
		Debug|Any CPU = Debug|Any CPU
		Release|Any CPU = Release|Any CPU
	EndGlobalSection
	GlobalSection(ProjectConfigurationPlatforms) = postSolution
		{BE04DF31-8188-4DFB-8C29-90E9AFE690C5}.Debug|Any CPU.ActiveCfg = Debug|Any CPU
		{BE04DF31-8188-4DFB-8C29-90E9AFE690C5}.Debug|Any CPU.Build.0 = Debug|Any CPU
		{BE04DF31-8188-4DFB-8C29-90E9AFE690C5}.Release|Any CPU.ActiveCfg = Release|Any CPU
		{BE04DF31-8188-4DFB-8C29-90E9AFE690C5}.Release|Any CPU.Build.0 = Release|Any CPU
	EndGlobalSection
	GlobalSection(SolutionProperties) = preSolution
		HideSolutionNode = FALSE
	EndGlobalSection
	GlobalSection(ExtensibilityGlobals) = postSolution
		SolutionGuid = {791B9E49-50DE-48D2-BFD0-21EA4DF66A16}
	EndGlobalSection
EndGlobal
